data.local_file.ssh_public_key: Reading...
data.local_file.ssh_private_key: Reading...
data.local_file.ssh_public_key: Read complete after 0s [id=fb7dc67337fb5c57bb932e44829e9a3db6e2c96c]
data.local_file.ssh_private_key: Read complete after 0s [id=5a1763a56a848c63f026d0f5b2071188b332d023]

Terraform used the selected providers to generate the following execution
plan. Resource actions are indicated with the following symbols:
  + create

Terraform will perform the following actions:

  # null_resource.setup_kubespray[0] will be created
  + resource "null_resource" "setup_kubespray" {
      + id       = (known after apply)
      + triggers = {
          + "always_run" = (known after apply)
        }
    }

  # proxmox_virtual_environment_download_file.ubuntu_cloud_image will be created
  + resource "proxmox_virtual_environment_download_file" "ubuntu_cloud_image" {
      + content_type        = "iso"
      + datastore_id        = "local"
      + file_name           = (known after apply)
      + id                  = (known after apply)
      + node_name           = "pvea"
      + overwrite           = true
      + overwrite_unmanaged = false
      + size                = (known after apply)
      + upload_timeout      = 600
      + url                 = "https://cloud-images.ubuntu.com/noble/current/noble-server-cloudimg-amd64.img"
      + verify              = true
    }

  # proxmox_virtual_environment_file.ubuntu_cloud_init will be created
  + resource "proxmox_virtual_environment_file" "ubuntu_cloud_init" {
      + content_type           = "snippets"
      + datastore_id           = "local"
      + file_modification_date = (known after apply)
      + file_name              = (known after apply)
      + file_size              = (known after apply)
      + file_tag               = (known after apply)
      + id                     = (known after apply)
      + node_name              = "pvea"
      + overwrite              = true
      + timeout_upload         = 1800

      + source_raw {
          + data      = <<-EOT
                #cloud-config
                timezone: Asia/Muscat
                locale: "en_US.UTF-8"
                manage_etc_hosts: true
                
                package_update: true
                package_upgrade: true
                package_reboot_if_required: true
                packages:
                  - qemu-guest-agent
                  - net-tools
                
                users:
                  - name: kubeuser
                    passwd: $y$j9T$KDX8.6cpgdtErXz5/Kxt5/$XSqc1AWfLNtIQKa4w3LmMX9hd9fgURpJ5D6zGluzJE3
                    groups: [adm, cdrom, dip, plugdev, lxd, sudo]
                    lock-passwd: false
                    ssh_pwauth: true
                    sudo: ALL=(ALL) NOPASSWD:ALL
                    shell: /bin/bash
                    ssh_authorized_keys:
                      - ssh-rsa AAAAB3NzaC1yc2EAAAADAQABAAACAQC0hTY1ThLtEM/PsefoGlpwbTxXbl2cYBpPoTuy/jaMQZ+2FvLUlEQFY//ifkKputhV21BbI4kNXxGhoNQa9ZYZVPvARDCNstQPtv00x1425ZWRiXg3trP4jCtt7T9H26NBojm0L3+1z9eg7IVxd6Z8wyaQSNKn006MfD9ImeOEoqNydgexrodaRQj2mcXzAOdga4ZtoXbWtLHtqkxSTy1HE5Jri+KG7XkspyQl9l7q1ayHbMg0VHfyN47ZISpav4NSGzcOXsPFBy7K7w8H/43toqzJ1WlZcQUSFMLcQBdasitZdBZWNvtuhjQpfIuMmKMWnlTLAchNkMsk8VWAHVEl+aZsY/9kU0nKoYuAsWFSUx+n4LARFcc0DtgvdYFT46jXIbtpEmhGsBxoMAh7Bi0erThhE9EYGDTQSP5gBtCsoGqDV3j+PgiMY5J+jADuj49vr78v3GS5LROdHp1ZIxu31tx6Qp7Or5kx8ycMvs8NQdp/u6X1fXHfoPEXeWGv87IsLiP5F9OYucwkRN29s++ew2hwApQCUuH4I2b+81jXe8nE6FCT1ZcqvEYMAvCt6toowXX0sK+DBFYBgiOKZGco1rCxBa4UWRc85tGVQ480XD3Db4fyo/rQ7YCyFYebJwuKTokv4zsxg8rW8clx08LWiVPLTkHDT8u9TWgClFxe1Q== ramakrishna-kube@local
                
                power_state:
                  delay: now
                  mode: reboot
                  message: Rebooting after cloud-init completion
                  condition: true
            EOT
          + file_name = "cloud-init-data.yml"
          + resize    = 0
        }
    }

  # module.bastion_node.proxmox_virtual_environment_vm.ubuntu_vm[0] will be created
  + resource "proxmox_virtual_environment_vm" "ubuntu_vm" {
      + acpi                    = true
      + bios                    = "seabios"
      + description             = "Ubuntu Cloud Init VM For K8 - Author: Ramakrishna"
      + id                      = (known after apply)
      + ipv4_addresses          = (known after apply)
      + ipv6_addresses          = (known after apply)
      + keyboard_layout         = "en-us"
      + mac_addresses           = (known after apply)
      + migrate                 = false
      + name                    = "vm-k8s-demo-oman-01-bnode-01"
      + network_interface_names = (known after apply)
      + node_name               = "pvea"
      + on_boot                 = true
      + protection              = false
      + reboot                  = false
      + scsi_hardware           = "virtio-scsi-pci"
      + started                 = true
      + stop_on_destroy         = false
      + tablet_device           = true
      + tags                    = [
          + "demo",
          + "terraform",
          + "bastion_node",
          + "ramakrishna",
        ]
      + template                = false
      + timeout_clone           = 1800
      + timeout_create          = 1800
      + timeout_migrate         = 1800
      + timeout_move_disk       = 1800
      + timeout_reboot          = 1800
      + timeout_shutdown_vm     = 1800
      + timeout_start_vm        = 1800
      + timeout_stop_vm         = 300
      + vm_id                   = 400

      + agent {
          + enabled = true
          + timeout = "60s"
          + trim    = false
          + type    = "virtio"
        }

      + cpu {
          + cores      = 4
          + hotplugged = 0
          + limit      = 0
          + numa       = false
          + sockets    = 1
          + type       = "qemu64"
          + units      = 1024
        }

      + disk {
          + aio               = "io_uring"
          + backup            = true
          + cache             = "none"
          + datastore_id      = "local-lvm"
          + discard           = "ignore"
          + file_format       = (known after apply)
          + file_id           = (known after apply)
          + interface         = "virtio0"
          + iothread          = false
          + path_in_datastore = (known after apply)
          + replicate         = true
          + size              = 100
          + ssd               = false
        }

      + initialization {
          + datastore_id      = "local-lvm"
          + upgrade           = (known after apply)
          + user_data_file_id = (known after apply)

          + ip_config {
              + ipv4 {
                  + address = "192.168.20.30/24"
                  + gateway = "192.168.20.1"
                }
            }
          + ip_config {
              + ipv4 {
                  + address = "10.10.10.10/24"
                  + gateway = "10.10.10.1"
                }
            }
        }

      + memory {
          + dedicated      = 2048
          + floating       = 0
          + keep_hugepages = false
          + shared         = 0
        }

      + network_device {
          + bridge      = "vmbr0"
          + enabled     = true
          + firewall    = false
          + mac_address = (known after apply)
          + model       = "virtio"
          + mtu         = 0
          + queues      = 0
          + rate_limit  = 0
          + vlan_id     = 0
        }
      + network_device {
          + bridge      = "vmbr1"
          + enabled     = true
          + firewall    = false
          + mac_address = (known after apply)
          + model       = "virtio"
          + mtu         = 0
          + queues      = 0
          + rate_limit  = 0
          + vlan_id     = 0
        }

      + operating_system {
          + type = "l26"
        }

      + serial_device {
          + device = "socket"
        }

      + startup {
          + down_delay = 60
          + order      = 1
          + up_delay   = 60
        }
    }

  # module.kube_cplane.proxmox_virtual_environment_vm.ubuntu_vm[0] will be created
  + resource "proxmox_virtual_environment_vm" "ubuntu_vm" {
      + acpi                    = true
      + bios                    = "seabios"
      + description             = "Ubuntu Cloud Init VM For K8 - Author: Ramakrishna"
      + id                      = (known after apply)
      + ipv4_addresses          = (known after apply)
      + ipv6_addresses          = (known after apply)
      + keyboard_layout         = "en-us"
      + mac_addresses           = (known after apply)
      + migrate                 = false
      + name                    = "vm-k8s-demo-oman-01-cp-01"
      + network_interface_names = (known after apply)
      + node_name               = "pvea"
      + on_boot                 = true
      + protection              = false
      + reboot                  = false
      + scsi_hardware           = "virtio-scsi-pci"
      + started                 = true
      + stop_on_destroy         = false
      + tablet_device           = true
      + tags                    = [
          + "demo",
          + "terraform",
          + "k8s_control_plane",
          + "ramakrishna",
        ]
      + template                = false
      + timeout_clone           = 1800
      + timeout_create          = 1800
      + timeout_migrate         = 1800
      + timeout_move_disk       = 1800
      + timeout_reboot          = 1800
      + timeout_shutdown_vm     = 1800
      + timeout_start_vm        = 1800
      + timeout_stop_vm         = 300
      + vm_id                   = 420

      + agent {
          + enabled = true
          + timeout = "60s"
          + trim    = false
          + type    = "virtio"
        }

      + cpu {
          + cores      = 8
          + hotplugged = 0
          + limit      = 0
          + numa       = false
          + sockets    = 1
          + type       = "qemu64"
          + units      = 1024
        }

      + disk {
          + aio               = "io_uring"
          + backup            = true
          + cache             = "none"
          + datastore_id      = "local-lvm"
          + discard           = "ignore"
          + file_format       = (known after apply)
          + file_id           = (known after apply)
          + interface         = "virtio0"
          + iothread          = false
          + path_in_datastore = (known after apply)
          + replicate         = true
          + size              = 100
          + ssd               = false
        }

      + initialization {
          + datastore_id      = "local-lvm"
          + upgrade           = (known after apply)
          + user_data_file_id = (known after apply)

          + ip_config {
              + ipv4 {
                  + address = "10.10.10.50/24"
                  + gateway = "10.10.10.1"
                }
            }
        }

      + memory {
          + dedicated      = 32768
          + floating       = 0
          + keep_hugepages = false
          + shared         = 0
        }

      + network_device {
          + bridge      = "vmbr1"
          + enabled     = true
          + firewall    = false
          + mac_address = (known after apply)
          + model       = "virtio"
          + mtu         = 0
          + queues      = 0
          + rate_limit  = 0
          + vlan_id     = 0
        }

      + operating_system {
          + type = "l26"
        }

      + serial_device {
          + device = "socket"
        }

      + startup {
          + down_delay = 60
          + order      = 1
          + up_delay   = 60
        }
    }

  # module.kube_worker.proxmox_virtual_environment_vm.ubuntu_vm[0] will be created
  + resource "proxmox_virtual_environment_vm" "ubuntu_vm" {
      + acpi                    = true
      + bios                    = "seabios"
      + description             = "Ubuntu Cloud Init VM For K8 - Author: Ramakrishna"
      + id                      = (known after apply)
      + ipv4_addresses          = (known after apply)
      + ipv6_addresses          = (known after apply)
      + keyboard_layout         = "en-us"
      + mac_addresses           = (known after apply)
      + migrate                 = false
      + name                    = "vm-k8s-demo-oman-01-wr-01"
      + network_interface_names = (known after apply)
      + node_name               = "pvea"
      + on_boot                 = true
      + protection              = false
      + reboot                  = false
      + scsi_hardware           = "virtio-scsi-pci"
      + started                 = true
      + stop_on_destroy         = false
      + tablet_device           = true
      + tags                    = [
          + "demo",
          + "terraform",
          + "k8s_worker_node",
          + "ramakrishna",
        ]
      + template                = false
      + timeout_clone           = 1800
      + timeout_create          = 1800
      + timeout_migrate         = 1800
      + timeout_move_disk       = 1800
      + timeout_reboot          = 1800
      + timeout_shutdown_vm     = 1800
      + timeout_start_vm        = 1800
      + timeout_stop_vm         = 300
      + vm_id                   = 430

      + agent {
          + enabled = true
          + timeout = "60s"
          + trim    = false
          + type    = "virtio"
        }

      + cpu {
          + cores      = 8
          + hotplugged = 0
          + limit      = 0
          + numa       = false
          + sockets    = 1
          + type       = "qemu64"
          + units      = 1024
        }

      + disk {
          + aio               = "io_uring"
          + backup            = true
          + cache             = "none"
          + datastore_id      = "local-lvm"
          + discard           = "ignore"
          + file_format       = (known after apply)
          + file_id           = (known after apply)
          + interface         = "virtio0"
          + iothread          = false
          + path_in_datastore = (known after apply)
          + replicate         = true
          + size              = 100
          + ssd               = false
        }

      + initialization {
          + datastore_id      = "local-lvm"
          + upgrade           = (known after apply)
          + user_data_file_id = (known after apply)

          + ip_config {
              + ipv4 {
                  + address = "10.10.10.60/24"
                  + gateway = "10.10.10.1"
                }
            }
        }

      + memory {
          + dedicated      = 65536
          + floating       = 0
          + keep_hugepages = false
          + shared         = 0
        }

      + network_device {
          + bridge      = "vmbr1"
          + enabled     = true
          + firewall    = false
          + mac_address = (known after apply)
          + model       = "virtio"
          + mtu         = 0
          + queues      = 0
          + rate_limit  = 0
          + vlan_id     = 0
        }

      + operating_system {
          + type = "l26"
        }

      + serial_device {
          + device = "socket"
        }

      + startup {
          + down_delay = 60
          + order      = 2
          + up_delay   = 60
        }
    }

  # module.kube_worker.proxmox_virtual_environment_vm.ubuntu_vm[1] will be created
  + resource "proxmox_virtual_environment_vm" "ubuntu_vm" {
      + acpi                    = true
      + bios                    = "seabios"
      + description             = "Ubuntu Cloud Init VM For K8 - Author: Ramakrishna"
      + id                      = (known after apply)
      + ipv4_addresses          = (known after apply)
      + ipv6_addresses          = (known after apply)
      + keyboard_layout         = "en-us"
      + mac_addresses           = (known after apply)
      + migrate                 = false
      + name                    = "vm-k8s-demo-oman-01-wr-02"
      + network_interface_names = (known after apply)
      + node_name               = "pvea"
      + on_boot                 = true
      + protection              = false
      + reboot                  = false
      + scsi_hardware           = "virtio-scsi-pci"
      + started                 = true
      + stop_on_destroy         = false
      + tablet_device           = true
      + tags                    = [
          + "demo",
          + "terraform",
          + "k8s_worker_node",
          + "ramakrishna",
        ]
      + template                = false
      + timeout_clone           = 1800
      + timeout_create          = 1800
      + timeout_migrate         = 1800
      + timeout_move_disk       = 1800
      + timeout_reboot          = 1800
      + timeout_shutdown_vm     = 1800
      + timeout_start_vm        = 1800
      + timeout_stop_vm         = 300
      + vm_id                   = 431

      + agent {
          + enabled = true
          + timeout = "60s"
          + trim    = false
          + type    = "virtio"
        }

      + cpu {
          + cores      = 8
          + hotplugged = 0
          + limit      = 0
          + numa       = false
          + sockets    = 1
          + type       = "qemu64"
          + units      = 1024
        }

      + disk {
          + aio               = "io_uring"
          + backup            = true
          + cache             = "none"
          + datastore_id      = "local-lvm"
          + discard           = "ignore"
          + file_format       = (known after apply)
          + file_id           = (known after apply)
          + interface         = "virtio0"
          + iothread          = false
          + path_in_datastore = (known after apply)
          + replicate         = true
          + size              = 100
          + ssd               = false
        }

      + initialization {
          + datastore_id      = "local-lvm"
          + upgrade           = (known after apply)
          + user_data_file_id = (known after apply)

          + ip_config {
              + ipv4 {
                  + address = "10.10.10.61/24"
                  + gateway = "10.10.10.1"
                }
            }
        }

      + memory {
          + dedicated      = 65536
          + floating       = 0
          + keep_hugepages = false
          + shared         = 0
        }

      + network_device {
          + bridge      = "vmbr1"
          + enabled     = true
          + firewall    = false
          + mac_address = (known after apply)
          + model       = "virtio"
          + mtu         = 0
          + queues      = 0
          + rate_limit  = 0
          + vlan_id     = 0
        }

      + operating_system {
          + type = "l26"
        }

      + serial_device {
          + device = "socket"
        }

      + startup {
          + down_delay = 60
          + order      = 2
          + up_delay   = 60
        }
    }

  # module.kubespray_node.proxmox_virtual_environment_vm.ubuntu_vm[0] will be created
  + resource "proxmox_virtual_environment_vm" "ubuntu_vm" {
      + acpi                    = true
      + bios                    = "seabios"
      + description             = "Ubuntu Cloud Init VM For K8 - Author: Ramakrishna"
      + id                      = (known after apply)
      + ipv4_addresses          = (known after apply)
      + ipv6_addresses          = (known after apply)
      + keyboard_layout         = "en-us"
      + mac_addresses           = (known after apply)
      + migrate                 = false
      + name                    = "vm-k8s-demo-oman-01-kubespray-01"
      + network_interface_names = (known after apply)
      + node_name               = "pvea"
      + on_boot                 = true
      + protection              = false
      + reboot                  = false
      + scsi_hardware           = "virtio-scsi-pci"
      + started                 = true
      + stop_on_destroy         = false
      + tablet_device           = true
      + tags                    = [
          + "demo",
          + "terraform",
          + "kubespray_node",
          + "ramakrishna",
        ]
      + template                = false
      + timeout_clone           = 1800
      + timeout_create          = 1800
      + timeout_migrate         = 1800
      + timeout_move_disk       = 1800
      + timeout_reboot          = 1800
      + timeout_shutdown_vm     = 1800
      + timeout_start_vm        = 1800
      + timeout_stop_vm         = 300
      + vm_id                   = 401

      + agent {
          + enabled = true
          + timeout = "60s"
          + trim    = false
          + type    = "virtio"
        }

      + cpu {
          + cores      = 4
          + hotplugged = 0
          + limit      = 0
          + numa       = false
          + sockets    = 1
          + type       = "qemu64"
          + units      = 1024
        }

      + disk {
          + aio               = "io_uring"
          + backup            = true
          + cache             = "none"
          + datastore_id      = "local-lvm"
          + discard           = "ignore"
          + file_format       = (known after apply)
          + file_id           = (known after apply)
          + interface         = "virtio0"
          + iothread          = false
          + path_in_datastore = (known after apply)
          + replicate         = true
          + size              = 50
          + ssd               = false
        }

      + initialization {
          + datastore_id      = "local-lvm"
          + upgrade           = (known after apply)
          + user_data_file_id = (known after apply)

          + ip_config {
              + ipv4 {
                  + address = "10.10.10.40/24"
                  + gateway = "10.10.10.1"
                }
            }
        }

      + memory {
          + dedicated      = 2048
          + floating       = 0
          + keep_hugepages = false
          + shared         = 0
        }

      + network_device {
          + bridge      = "vmbr1"
          + enabled     = true
          + firewall    = false
          + mac_address = (known after apply)
          + model       = "virtio"
          + mtu         = 0
          + queues      = 0
          + rate_limit  = 0
          + vlan_id     = 0
        }

      + operating_system {
          + type = "l26"
        }

      + serial_device {
          + device = "socket"
        }

      + startup {
          + down_delay = 60
          + order      = 1
          + up_delay   = 60
        }
    }

Plan: 8 to add, 0 to change, 0 to destroy.

Changes to Outputs:
  + bastion_node_output   = [
      + {
          + ipv4 = (known after apply)
          + name = "vm-k8s-demo-oman-01-bnode-01"
        },
    ]
  + kube_cplane_output    = [
      + {
          + ipv4 = (known after apply)
          + name = "vm-k8s-demo-oman-01-cp-01"
        },
    ]
  + kube_worker_output    = [
      + {
          + ipv4 = (known after apply)
          + name = "vm-k8s-demo-oman-01-wr-01"
        },
      + {
          + ipv4 = (known after apply)
          + name = "vm-k8s-demo-oman-01-wr-02"
        },
    ]
  + kubespray_host_output = [
      + {
          + ipv4 = (known after apply)
          + name = "vm-k8s-demo-oman-01-kubespray-01"
        },
    ]
proxmox_virtual_environment_file.ubuntu_cloud_init: Creating...
proxmox_virtual_environment_download_file.ubuntu_cloud_image: Creating...
proxmox_virtual_environment_file.ubuntu_cloud_init: Creation complete after 6s [id=local:snippets/cloud-init-data.yml]
proxmox_virtual_environment_download_file.ubuntu_cloud_image: Still creating... [10s elapsed]
proxmox_virtual_environment_download_file.ubuntu_cloud_image: Still creating... [20s elapsed]
proxmox_virtual_environment_download_file.ubuntu_cloud_image: Still creating... [30s elapsed]
proxmox_virtual_environment_download_file.ubuntu_cloud_image: Still creating... [40s elapsed]
proxmox_virtual_environment_download_file.ubuntu_cloud_image: Still creating... [50s elapsed]
proxmox_virtual_environment_download_file.ubuntu_cloud_image: Still creating... [1m0s elapsed]
proxmox_virtual_environment_download_file.ubuntu_cloud_image: Still creating... [1m10s elapsed]
proxmox_virtual_environment_download_file.ubuntu_cloud_image: Still creating... [1m20s elapsed]
proxmox_virtual_environment_download_file.ubuntu_cloud_image: Still creating... [1m30s elapsed]
proxmox_virtual_environment_download_file.ubuntu_cloud_image: Still creating... [1m40s elapsed]
proxmox_virtual_environment_download_file.ubuntu_cloud_image: Still creating... [1m50s elapsed]
proxmox_virtual_environment_download_file.ubuntu_cloud_image: Still creating... [2m0s elapsed]
proxmox_virtual_environment_download_file.ubuntu_cloud_image: Still creating... [2m10s elapsed]
proxmox_virtual_environment_download_file.ubuntu_cloud_image: Creation complete after 2m16s [id=local:iso/noble-server-cloudimg-amd64.img]
module.bastion_node.proxmox_virtual_environment_vm.ubuntu_vm[0]: Creating...
module.bastion_node.proxmox_virtual_environment_vm.ubuntu_vm[0]: Still creating... [10s elapsed]
module.bastion_node.proxmox_virtual_environment_vm.ubuntu_vm[0]: Still creating... [20s elapsed]
module.bastion_node.proxmox_virtual_environment_vm.ubuntu_vm[0]: Still creating... [30s elapsed]
module.bastion_node.proxmox_virtual_environment_vm.ubuntu_vm[0]: Still creating... [40s elapsed]
module.bastion_node.proxmox_virtual_environment_vm.ubuntu_vm[0]: Still creating... [50s elapsed]
module.bastion_node.proxmox_virtual_environment_vm.ubuntu_vm[0]: Still creating... [1m0s elapsed]
module.bastion_node.proxmox_virtual_environment_vm.ubuntu_vm[0]: Still creating... [1m10s elapsed]
module.bastion_node.proxmox_virtual_environment_vm.ubuntu_vm[0]: Still creating... [1m20s elapsed]
module.bastion_node.proxmox_virtual_environment_vm.ubuntu_vm[0]: Creation complete after 1m21s [id=400]
module.kube_worker.proxmox_virtual_environment_vm.ubuntu_vm[0]: Creating...
module.kube_cplane.proxmox_virtual_environment_vm.ubuntu_vm[0]: Creating...
module.kube_worker.proxmox_virtual_environment_vm.ubuntu_vm[1]: Creating...
module.kube_worker.proxmox_virtual_environment_vm.ubuntu_vm[1]: Still creating... [10s elapsed]
module.kube_worker.proxmox_virtual_environment_vm.ubuntu_vm[0]: Still creating... [10s elapsed]
module.kube_cplane.proxmox_virtual_environment_vm.ubuntu_vm[0]: Still creating... [10s elapsed]
module.kube_worker.proxmox_virtual_environment_vm.ubuntu_vm[1]: Still creating... [20s elapsed]
module.kube_worker.proxmox_virtual_environment_vm.ubuntu_vm[0]: Still creating... [20s elapsed]
module.kube_cplane.proxmox_virtual_environment_vm.ubuntu_vm[0]: Still creating... [20s elapsed]
module.kube_cplane.proxmox_virtual_environment_vm.ubuntu_vm[0]: Still creating... [30s elapsed]
module.kube_worker.proxmox_virtual_environment_vm.ubuntu_vm[1]: Still creating... [30s elapsed]
module.kube_worker.proxmox_virtual_environment_vm.ubuntu_vm[0]: Still creating... [30s elapsed]
module.kube_worker.proxmox_virtual_environment_vm.ubuntu_vm[1]: Still creating... [40s elapsed]
module.kube_cplane.proxmox_virtual_environment_vm.ubuntu_vm[0]: Still creating... [40s elapsed]
module.kube_worker.proxmox_virtual_environment_vm.ubuntu_vm[0]: Still creating... [40s elapsed]
module.kube_worker.proxmox_virtual_environment_vm.ubuntu_vm[0]: Still creating... [50s elapsed]
module.kube_cplane.proxmox_virtual_environment_vm.ubuntu_vm[0]: Still creating... [50s elapsed]
module.kube_worker.proxmox_virtual_environment_vm.ubuntu_vm[1]: Still creating... [50s elapsed]
module.kube_worker.proxmox_virtual_environment_vm.ubuntu_vm[0]: Still creating... [1m0s elapsed]
module.kube_worker.proxmox_virtual_environment_vm.ubuntu_vm[1]: Still creating... [1m0s elapsed]
module.kube_cplane.proxmox_virtual_environment_vm.ubuntu_vm[0]: Still creating... [1m0s elapsed]
module.kube_worker.proxmox_virtual_environment_vm.ubuntu_vm[1]: Still creating... [1m10s elapsed]
module.kube_worker.proxmox_virtual_environment_vm.ubuntu_vm[0]: Still creating... [1m10s elapsed]
module.kube_cplane.proxmox_virtual_environment_vm.ubuntu_vm[0]: Still creating... [1m10s elapsed]
module.kube_worker.proxmox_virtual_environment_vm.ubuntu_vm[0]: Still creating... [1m20s elapsed]
module.kube_cplane.proxmox_virtual_environment_vm.ubuntu_vm[0]: Still creating... [1m20s elapsed]
module.kube_worker.proxmox_virtual_environment_vm.ubuntu_vm[1]: Still creating... [1m20s elapsed]
module.kube_cplane.proxmox_virtual_environment_vm.ubuntu_vm[0]: Still creating... [1m30s elapsed]
module.kube_worker.proxmox_virtual_environment_vm.ubuntu_vm[1]: Still creating... [1m30s elapsed]
module.kube_worker.proxmox_virtual_environment_vm.ubuntu_vm[0]: Still creating... [1m30s elapsed]
module.kube_worker.proxmox_virtual_environment_vm.ubuntu_vm[0]: Still creating... [1m40s elapsed]
module.kube_cplane.proxmox_virtual_environment_vm.ubuntu_vm[0]: Still creating... [1m40s elapsed]
module.kube_worker.proxmox_virtual_environment_vm.ubuntu_vm[1]: Still creating... [1m40s elapsed]
module.kube_worker.proxmox_virtual_environment_vm.ubuntu_vm[1]: Still creating... [1m50s elapsed]
module.kube_cplane.proxmox_virtual_environment_vm.ubuntu_vm[0]: Still creating... [1m50s elapsed]
module.kube_worker.proxmox_virtual_environment_vm.ubuntu_vm[0]: Still creating... [1m50s elapsed]
module.kube_cplane.proxmox_virtual_environment_vm.ubuntu_vm[0]: Creation complete after 1m57s [id=420]
module.kube_worker.proxmox_virtual_environment_vm.ubuntu_vm[0]: Creation complete after 1m58s [id=430]
module.kube_worker.proxmox_virtual_environment_vm.ubuntu_vm[1]: Creation complete after 1m58s [id=431]
module.kubespray_node.proxmox_virtual_environment_vm.ubuntu_vm[0]: Creating...
module.kubespray_node.proxmox_virtual_environment_vm.ubuntu_vm[0]: Still creating... [10s elapsed]
module.kubespray_node.proxmox_virtual_environment_vm.ubuntu_vm[0]: Still creating... [20s elapsed]
module.kubespray_node.proxmox_virtual_environment_vm.ubuntu_vm[0]: Still creating... [30s elapsed]
module.kubespray_node.proxmox_virtual_environment_vm.ubuntu_vm[0]: Still creating... [40s elapsed]
module.kubespray_node.proxmox_virtual_environment_vm.ubuntu_vm[0]: Still creating... [50s elapsed]
module.kubespray_node.proxmox_virtual_environment_vm.ubuntu_vm[0]: Still creating... [1m0s elapsed]
module.kubespray_node.proxmox_virtual_environment_vm.ubuntu_vm[0]: Still creating... [1m10s elapsed]
module.kubespray_node.proxmox_virtual_environment_vm.ubuntu_vm[0]: Still creating... [1m20s elapsed]
module.kubespray_node.proxmox_virtual_environment_vm.ubuntu_vm[0]: Still creating... [1m30s elapsed]
module.kubespray_node.proxmox_virtual_environment_vm.ubuntu_vm[0]: Creation complete after 1m31s [id=401]
